// !$*UTF8*$!
{
	archiveVersion = 1;
	classes = {
	};
	objectVersion = 56;
	objects = {

/* Begin PBXBuildFile section */
		97EFB6E02B2581B50042692E /* AppDelegate.swift in Sources */ = {isa = PBXBuildFile; fileRef = 97EFB6DF2B2581B50042692E /* AppDelegate.swift */; };
		97EFB6E22B2581B50042692E /* SceneDelegate.swift in Sources */ = {isa = PBXBuildFile; fileRef = 97EFB6E12B2581B50042692E /* SceneDelegate.swift */; };
		97EFB6E42B2581B50042692E /* ViewController.swift in Sources */ = {isa = PBXBuildFile; fileRef = 97EFB6E32B2581B50042692E /* ViewController.swift */; };
		97EFB6EA2B2581B50042692E /* NoteApp.xcdatamodeld in Sources */ = {isa = PBXBuildFile; fileRef = 97EFB6E82B2581B50042692E /* NoteApp.xcdatamodeld */; };
		97EFB6EC2B2581B60042692E /* Assets.xcassets in Resources */ = {isa = PBXBuildFile; fileRef = 97EFB6EB2B2581B60042692E /* Assets.xcassets */; };
		97EFB6EF2B2581B60042692E /* LaunchScreen.storyboard in Resources */ = {isa = PBXBuildFile; fileRef = 97EFB6ED2B2581B60042692E /* LaunchScreen.storyboard */; };
		97EFB6FA2B2581B70042692E /* NoteAppTests.swift in Sources */ = {isa = PBXBuildFile; fileRef = 97EFB6F92B2581B70042692E /* NoteAppTests.swift */; };
		97EFB7042B2581B70042692E /* NoteAppUITests.swift in Sources */ = {isa = PBXBuildFile; fileRef = 97EFB7032B2581B70042692E /* NoteAppUITests.swift */; };
		97EFB7062B2581B70042692E /* NoteAppUITestsLaunchTests.swift in Sources */ = {isa = PBXBuildFile; fileRef = 97EFB7052B2581B70042692E /* NoteAppUITestsLaunchTests.swift */; };
		97EFB7142B2584C10042692E /* RxCocoa in Frameworks */ = {isa = PBXBuildFile; productRef = 97EFB7132B2584C10042692E /* RxCocoa */; };
		97EFB7162B2584C10042692E /* RxRelay in Frameworks */ = {isa = PBXBuildFile; productRef = 97EFB7152B2584C10042692E /* RxRelay */; };
		97EFB7182B2584C10042692E /* RxSwift in Frameworks */ = {isa = PBXBuildFile; productRef = 97EFB7172B2584C10042692E /* RxSwift */; };
		97EFB71B2B25850E0042692E /* Swinject in Frameworks */ = {isa = PBXBuildFile; productRef = 97EFB71A2B25850E0042692E /* Swinject */; };
		97EFB71E2B2585570042692E /* Kingfisher in Frameworks */ = {isa = PBXBuildFile; productRef = 97EFB71D2B2585570042692E /* Kingfisher */; };
		97EFB72F2B2589A50042692E /* NoteModel.swift in Sources */ = {isa = PBXBuildFile; fileRef = 97EFB72E2B2589A50042692E /* NoteModel.swift */; };
		97EFB7362B258B790042692E /* CreateNoteUseCaseProtocol.swift in Sources */ = {isa = PBXBuildFile; fileRef = 97EFB7352B258B790042692E /* CreateNoteUseCaseProtocol.swift */; };
		97EFB7382B258CC70042692E /* ListNoteUseCaseProtocol.swift in Sources */ = {isa = PBXBuildFile; fileRef = 97EFB7372B258CC70042692E /* ListNoteUseCaseProtocol.swift */; };
		97EFB73A2B258E420042692E /* DetailNoteUseCaseProtocol.swift in Sources */ = {isa = PBXBuildFile; fileRef = 97EFB7392B258E420042692E /* DetailNoteUseCaseProtocol.swift */; };
		97EFB73D2B258EDE0042692E /* NoteRepositoryProtocol.swift in Sources */ = {isa = PBXBuildFile; fileRef = 97EFB73C2B258EDE0042692E /* NoteRepositoryProtocol.swift */; };
		97EFB73F2B2590490042692E /* CreateNoteUseCase.swift in Sources */ = {isa = PBXBuildFile; fileRef = 97EFB73E2B2590490042692E /* CreateNoteUseCase.swift */; };
		97EFB7412B2590FC0042692E /* NoteRepository.swift in Sources */ = {isa = PBXBuildFile; fileRef = 97EFB7402B2590FC0042692E /* NoteRepository.swift */; };
		97EFB7472B2600030042692E /* CoreDataHelperProtocol.swift in Sources */ = {isa = PBXBuildFile; fileRef = 97EFB7462B2600030042692E /* CoreDataHelperProtocol.swift */; };
		97EFB74A2B2600FD0042692E /* CoreDataHelper.swift in Sources */ = {isa = PBXBuildFile; fileRef = 97EFB7492B2600FD0042692E /* CoreDataHelper.swift */; };
		97EFB74C2B2603530042692E /* NotesDataSourceProtocol.swift in Sources */ = {isa = PBXBuildFile; fileRef = 97EFB74B2B2603530042692E /* NotesDataSourceProtocol.swift */; };
		97EFB74E2B2604780042692E /* NotesDataSource.swift in Sources */ = {isa = PBXBuildFile; fileRef = 97EFB74D2B2604780042692E /* NotesDataSource.swift */; };
		97EFB7512B26093B0042692E /* CoreDataError.swift in Sources */ = {isa = PBXBuildFile; fileRef = 97EFB7502B26093B0042692E /* CoreDataError.swift */; };
/* End PBXBuildFile section */

/* Begin PBXContainerItemProxy section */
		97EFB6F62B2581B70042692E /* PBXContainerItemProxy */ = {
			isa = PBXContainerItemProxy;
			containerPortal = 97EFB6D42B2581B50042692E /* Project object */;
			proxyType = 1;
			remoteGlobalIDString = 97EFB6DB2B2581B50042692E;
			remoteInfo = NoteApp;
		};
		97EFB7002B2581B70042692E /* PBXContainerItemProxy */ = {
			isa = PBXContainerItemProxy;
			containerPortal = 97EFB6D42B2581B50042692E /* Project object */;
			proxyType = 1;
			remoteGlobalIDString = 97EFB6DB2B2581B50042692E;
			remoteInfo = NoteApp;
		};
/* End PBXContainerItemProxy section */

/* Begin PBXFileReference section */
		97EFB6DC2B2581B50042692E /* NoteApp.app */ = {isa = PBXFileReference; explicitFileType = wrapper.application; includeInIndex = 0; path = NoteApp.app; sourceTree = BUILT_PRODUCTS_DIR; };
		97EFB6DF2B2581B50042692E /* AppDelegate.swift */ = {isa = PBXFileReference; lastKnownFileType = sourcecode.swift; path = AppDelegate.swift; sourceTree = "<group>"; };
		97EFB6E12B2581B50042692E /* SceneDelegate.swift */ = {isa = PBXFileReference; lastKnownFileType = sourcecode.swift; path = SceneDelegate.swift; sourceTree = "<group>"; };
		97EFB6E32B2581B50042692E /* ViewController.swift */ = {isa = PBXFileReference; lastKnownFileType = sourcecode.swift; path = ViewController.swift; sourceTree = "<group>"; };
		97EFB6E92B2581B50042692E /* NoteApp.xcdatamodel */ = {isa = PBXFileReference; lastKnownFileType = wrapper.xcdatamodel; path = NoteApp.xcdatamodel; sourceTree = "<group>"; };
		97EFB6EB2B2581B60042692E /* Assets.xcassets */ = {isa = PBXFileReference; lastKnownFileType = folder.assetcatalog; path = Assets.xcassets; sourceTree = "<group>"; };
		97EFB6EE2B2581B60042692E /* Base */ = {isa = PBXFileReference; lastKnownFileType = file.storyboard; name = Base; path = Base.lproj/LaunchScreen.storyboard; sourceTree = "<group>"; };
		97EFB6F02B2581B60042692E /* Info.plist */ = {isa = PBXFileReference; lastKnownFileType = text.plist.xml; path = Info.plist; sourceTree = "<group>"; };
		97EFB6F52B2581B70042692E /* NoteAppTests.xctest */ = {isa = PBXFileReference; explicitFileType = wrapper.cfbundle; includeInIndex = 0; path = NoteAppTests.xctest; sourceTree = BUILT_PRODUCTS_DIR; };
		97EFB6F92B2581B70042692E /* NoteAppTests.swift */ = {isa = PBXFileReference; lastKnownFileType = sourcecode.swift; path = NoteAppTests.swift; sourceTree = "<group>"; };
		97EFB6FF2B2581B70042692E /* NoteAppUITests.xctest */ = {isa = PBXFileReference; explicitFileType = wrapper.cfbundle; includeInIndex = 0; path = NoteAppUITests.xctest; sourceTree = BUILT_PRODUCTS_DIR; };
		97EFB7032B2581B70042692E /* NoteAppUITests.swift */ = {isa = PBXFileReference; lastKnownFileType = sourcecode.swift; path = NoteAppUITests.swift; sourceTree = "<group>"; };
		97EFB7052B2581B70042692E /* NoteAppUITestsLaunchTests.swift */ = {isa = PBXFileReference; lastKnownFileType = sourcecode.swift; path = NoteAppUITestsLaunchTests.swift; sourceTree = "<group>"; };
		97EFB72E2B2589A50042692E /* NoteModel.swift */ = {isa = PBXFileReference; lastKnownFileType = sourcecode.swift; path = NoteModel.swift; sourceTree = "<group>"; };
		97EFB7352B258B790042692E /* CreateNoteUseCaseProtocol.swift */ = {isa = PBXFileReference; lastKnownFileType = sourcecode.swift; path = CreateNoteUseCaseProtocol.swift; sourceTree = "<group>"; };
		97EFB7372B258CC70042692E /* ListNoteUseCaseProtocol.swift */ = {isa = PBXFileReference; lastKnownFileType = sourcecode.swift; path = ListNoteUseCaseProtocol.swift; sourceTree = "<group>"; };
		97EFB7392B258E420042692E /* DetailNoteUseCaseProtocol.swift */ = {isa = PBXFileReference; lastKnownFileType = sourcecode.swift; path = DetailNoteUseCaseProtocol.swift; sourceTree = "<group>"; };
		97EFB73C2B258EDE0042692E /* NoteRepositoryProtocol.swift */ = {isa = PBXFileReference; lastKnownFileType = sourcecode.swift; path = NoteRepositoryProtocol.swift; sourceTree = "<group>"; };
		97EFB73E2B2590490042692E /* CreateNoteUseCase.swift */ = {isa = PBXFileReference; lastKnownFileType = sourcecode.swift; path = CreateNoteUseCase.swift; sourceTree = "<group>"; };
		97EFB7402B2590FC0042692E /* NoteRepository.swift */ = {isa = PBXFileReference; lastKnownFileType = sourcecode.swift; path = NoteRepository.swift; sourceTree = "<group>"; };
		97EFB7462B2600030042692E /* CoreDataHelperProtocol.swift */ = {isa = PBXFileReference; lastKnownFileType = sourcecode.swift; path = CoreDataHelperProtocol.swift; sourceTree = "<group>"; };
		97EFB7492B2600FD0042692E /* CoreDataHelper.swift */ = {isa = PBXFileReference; lastKnownFileType = sourcecode.swift; path = CoreDataHelper.swift; sourceTree = "<group>"; };
		97EFB74B2B2603530042692E /* NotesDataSourceProtocol.swift */ = {isa = PBXFileReference; lastKnownFileType = sourcecode.swift; path = NotesDataSourceProtocol.swift; sourceTree = "<group>"; };
		97EFB74D2B2604780042692E /* NotesDataSource.swift */ = {isa = PBXFileReference; lastKnownFileType = sourcecode.swift; path = NotesDataSource.swift; sourceTree = "<group>"; };
		97EFB7502B26093B0042692E /* CoreDataError.swift */ = {isa = PBXFileReference; lastKnownFileType = sourcecode.swift; path = CoreDataError.swift; sourceTree = "<group>"; };
/* End PBXFileReference section */

/* Begin PBXFrameworksBuildPhase section */
		97EFB6D92B2581B50042692E /* Frameworks */ = {
			isa = PBXFrameworksBuildPhase;
			buildActionMask = 2147483647;
			files = (
				97EFB7182B2584C10042692E /* RxSwift in Frameworks */,
				97EFB7162B2584C10042692E /* RxRelay in Frameworks */,
				97EFB7142B2584C10042692E /* RxCocoa in Frameworks */,
				97EFB71B2B25850E0042692E /* Swinject in Frameworks */,
				97EFB71E2B2585570042692E /* Kingfisher in Frameworks */,
			);
			runOnlyForDeploymentPostprocessing = 0;
		};
		97EFB6F22B2581B70042692E /* Frameworks */ = {
			isa = PBXFrameworksBuildPhase;
			buildActionMask = 2147483647;
			files = (
			);
			runOnlyForDeploymentPostprocessing = 0;
		};
		97EFB6FC2B2581B70042692E /* Frameworks */ = {
			isa = PBXFrameworksBuildPhase;
			buildActionMask = 2147483647;
			files = (
			);
			runOnlyForDeploymentPostprocessing = 0;
		};
/* End PBXFrameworksBuildPhase section */

/* Begin PBXGroup section */
		97EFB6D32B2581B50042692E = {
			isa = PBXGroup;
			children = (
				97EFB6DE2B2581B50042692E /* NoteApp */,
				97EFB6F82B2581B70042692E /* NoteAppTests */,
				97EFB7022B2581B70042692E /* NoteAppUITests */,
				97EFB6DD2B2581B50042692E /* Products */,
			);
			sourceTree = "<group>";
		};
		97EFB6DD2B2581B50042692E /* Products */ = {
			isa = PBXGroup;
			children = (
				97EFB6DC2B2581B50042692E /* NoteApp.app */,
				97EFB6F52B2581B70042692E /* NoteAppTests.xctest */,
				97EFB6FF2B2581B70042692E /* NoteAppUITests.xctest */,
			);
			name = Products;
			sourceTree = "<group>";
		};
		97EFB6DE2B2581B50042692E /* NoteApp */ = {
			isa = PBXGroup;
			children = (
				97EFB71F2B25869D0042692E /* Application */,
				97EFB7222B2586C30042692E /* Presentation */,
				97EFB7272B2587430042692E /* DIContainer */,
				97EFB7212B2586B90042692E /* Data */,
				97EFB7202B2586B40042692E /* Domain */,
				97EFB6EB2B2581B60042692E /* Assets.xcassets */,
				97EFB6F02B2581B60042692E /* Info.plist */,
			);
			path = NoteApp;
			sourceTree = "<group>";
		};
		97EFB6F82B2581B70042692E /* NoteAppTests */ = {
			isa = PBXGroup;
			children = (
				97EFB6F92B2581B70042692E /* NoteAppTests.swift */,
			);
			path = NoteAppTests;
			sourceTree = "<group>";
		};
		97EFB7022B2581B70042692E /* NoteAppUITests */ = {
			isa = PBXGroup;
			children = (
				97EFB7032B2581B70042692E /* NoteAppUITests.swift */,
				97EFB7052B2581B70042692E /* NoteAppUITestsLaunchTests.swift */,
			);
			path = NoteAppUITests;
			sourceTree = "<group>";
		};
		97EFB71F2B25869D0042692E /* Application */ = {
			isa = PBXGroup;
			children = (
				97EFB6DF2B2581B50042692E /* AppDelegate.swift */,
				97EFB6E12B2581B50042692E /* SceneDelegate.swift */,
				97EFB6ED2B2581B60042692E /* LaunchScreen.storyboard */,
			);
			path = Application;
			sourceTree = "<group>";
		};
		97EFB7202B2586B40042692E /* Domain */ = {
			isa = PBXGroup;
			children = (
				97EFB7322B258A960042692E /* Protocols */,
				97EFB7262B25871E0042692E /* Repositories */,
				97EFB7252B25870C0042692E /* UseCases */,
				97EFB7242B2586F80042692E /* Models */,
			);
			path = Domain;
			sourceTree = "<group>";
		};
		97EFB7212B2586B90042692E /* Data */ = {
			isa = PBXGroup;
			children = (
				97EFB7232B2586DF0042692E /* Persistence */,
			);
			path = Data;
			sourceTree = "<group>";
		};
		97EFB7222B2586C30042692E /* Presentation */ = {
			isa = PBXGroup;
			children = (
				97EFB72B2B2587C80042692E /* Screens */,
				97EFB72C2B2587E20042692E /* Coordinator */,
				97EFB72A2B2587BF0042692E /* Commons */,
			);
			path = Presentation;
			sourceTree = "<group>";
		};
		97EFB7232B2586DF0042692E /* Persistence */ = {
			isa = PBXGroup;
			children = (
				97EFB7452B25FFDA0042692E /* Protocols */,
				97EFB7442B25FCAB0042692E /* DataSource */,
				97EFB7432B25FC980042692E /* CoreDataHelper */,
				97EFB7422B25FC890042692E /* Entities */,
			);
			path = Persistence;
			sourceTree = "<group>";
		};
		97EFB7242B2586F80042692E /* Models */ = {
			isa = PBXGroup;
			children = (
				97EFB72E2B2589A50042692E /* NoteModel.swift */,
			);
			path = Models;
			sourceTree = "<group>";
		};
		97EFB7252B25870C0042692E /* UseCases */ = {
			isa = PBXGroup;
			children = (
				97EFB73E2B2590490042692E /* CreateNoteUseCase.swift */,
			);
			path = UseCases;
			sourceTree = "<group>";
		};
		97EFB7262B25871E0042692E /* Repositories */ = {
			isa = PBXGroup;
			children = (
				97EFB7402B2590FC0042692E /* NoteRepository.swift */,
			);
			path = Repositories;
			sourceTree = "<group>";
		};
		97EFB7272B2587430042692E /* DIContainer */ = {
			isa = PBXGroup;
			children = (
			);
			path = DIContainer;
			sourceTree = "<group>";
		};
		97EFB7282B2587A90042692E /* ListNotes */ = {
			isa = PBXGroup;
			children = (
				97EFB6E32B2581B50042692E /* ViewController.swift */,
			);
			path = ListNotes;
			sourceTree = "<group>";
		};
		97EFB7292B2587B00042692E /* NotesDetail */ = {
			isa = PBXGroup;
			children = (
			);
			path = NotesDetail;
			sourceTree = "<group>";
		};
		97EFB72A2B2587BF0042692E /* Commons */ = {
			isa = PBXGroup;
			children = (
			);
			path = Commons;
			sourceTree = "<group>";
		};
		97EFB72B2B2587C80042692E /* Screens */ = {
			isa = PBXGroup;
			children = (
				97EFB7292B2587B00042692E /* NotesDetail */,
				97EFB7282B2587A90042692E /* ListNotes */,
			);
			path = Screens;
			sourceTree = "<group>";
		};
		97EFB72C2B2587E20042692E /* Coordinator */ = {
			isa = PBXGroup;
			children = (
			);
			path = Coordinator;
			sourceTree = "<group>";
		};
		97EFB7322B258A960042692E /* Protocols */ = {
			isa = PBXGroup;
			children = (
				97EFB73B2B258ECB0042692E /* Repositories */,
				97EFB7342B258B210042692E /* UseCases */,
			);
			path = Protocols;
			sourceTree = "<group>";
		};
		97EFB7342B258B210042692E /* UseCases */ = {
			isa = PBXGroup;
			children = (
				97EFB7352B258B790042692E /* CreateNoteUseCaseProtocol.swift */,
				97EFB7372B258CC70042692E /* ListNoteUseCaseProtocol.swift */,
				97EFB7392B258E420042692E /* DetailNoteUseCaseProtocol.swift */,
			);
			path = UseCases;
			sourceTree = "<group>";
		};
		97EFB73B2B258ECB0042692E /* Repositories */ = {
			isa = PBXGroup;
			children = (
				97EFB73C2B258EDE0042692E /* NoteRepositoryProtocol.swift */,
			);
			path = Repositories;
			sourceTree = "<group>";
		};
		97EFB7422B25FC890042692E /* Entities */ = {
			isa = PBXGroup;
			children = (
				97EFB6E82B2581B50042692E /* NoteApp.xcdatamodeld */,
			);
			path = Entities;
			sourceTree = "<group>";
		};
		97EFB7432B25FC980042692E /* CoreDataHelper */ = {
			isa = PBXGroup;
			children = (
				97EFB7492B2600FD0042692E /* CoreDataHelper.swift */,
			);
			path = CoreDataHelper;
			sourceTree = "<group>";
		};
		97EFB7442B25FCAB0042692E /* DataSource */ = {
			isa = PBXGroup;
			children = (
				97EFB74D2B2604780042692E /* NotesDataSource.swift */,
				97EFB7502B26093B0042692E /* CoreDataError.swift */,
			);
			path = DataSource;
			sourceTree = "<group>";
		};
		97EFB7452B25FFDA0042692E /* Protocols */ = {
			isa = PBXGroup;
			children = (
				97EFB7482B2600EA0042692E /* DataSource */,
				97EFB7462B2600030042692E /* CoreDataHelperProtocol.swift */,
			);
			path = Protocols;
			sourceTree = "<group>";
		};
		97EFB7482B2600EA0042692E /* DataSource */ = {
			isa = PBXGroup;
			children = (
				97EFB74B2B2603530042692E /* NotesDataSourceProtocol.swift */,
			);
			path = DataSource;
			sourceTree = "<group>";
		};
/* End PBXGroup section */

/* Begin PBXNativeTarget section */
		97EFB6DB2B2581B50042692E /* NoteApp */ = {
			isa = PBXNativeTarget;
			buildConfigurationList = 97EFB7092B2581B70042692E /* Build configuration list for PBXNativeTarget "NoteApp" */;
			buildPhases = (
				97EFB6D82B2581B50042692E /* Sources */,
				97EFB6D92B2581B50042692E /* Frameworks */,
				97EFB6DA2B2581B50042692E /* Resources */,
			);
			buildRules = (
			);
			dependencies = (
			);
			name = NoteApp;
			packageProductDependencies = (
				97EFB7132B2584C10042692E /* RxCocoa */,
				97EFB7152B2584C10042692E /* RxRelay */,
				97EFB7172B2584C10042692E /* RxSwift */,
				97EFB71A2B25850E0042692E /* Swinject */,
				97EFB71D2B2585570042692E /* Kingfisher */,
			);
			productName = NoteApp;
			productReference = 97EFB6DC2B2581B50042692E /* NoteApp.app */;
			productType = "com.apple.product-type.application";
		};
		97EFB6F42B2581B70042692E /* NoteAppTests */ = {
			isa = PBXNativeTarget;
			buildConfigurationList = 97EFB70C2B2581B70042692E /* Build configuration list for PBXNativeTarget "NoteAppTests" */;
			buildPhases = (
				97EFB6F12B2581B70042692E /* Sources */,
				97EFB6F22B2581B70042692E /* Frameworks */,
				97EFB6F32B2581B70042692E /* Resources */,
			);
			buildRules = (
			);
			dependencies = (
				97EFB6F72B2581B70042692E /* PBXTargetDependency */,
			);
			name = NoteAppTests;
			productName = NoteAppTests;
			productReference = 97EFB6F52B2581B70042692E /* NoteAppTests.xctest */;
			productType = "com.apple.product-type.bundle.unit-test";
		};
		97EFB6FE2B2581B70042692E /* NoteAppUITests */ = {
			isa = PBXNativeTarget;
			buildConfigurationList = 97EFB70F2B2581B70042692E /* Build configuration list for PBXNativeTarget "NoteAppUITests" */;
			buildPhases = (
				97EFB6FB2B2581B70042692E /* Sources */,
				97EFB6FC2B2581B70042692E /* Frameworks */,
				97EFB6FD2B2581B70042692E /* Resources */,
			);
			buildRules = (
			);
			dependencies = (
				97EFB7012B2581B70042692E /* PBXTargetDependency */,
			);
			name = NoteAppUITests;
			productName = NoteAppUITests;
			productReference = 97EFB6FF2B2581B70042692E /* NoteAppUITests.xctest */;
			productType = "com.apple.product-type.bundle.ui-testing";
		};
/* End PBXNativeTarget section */

/* Begin PBXProject section */
		97EFB6D42B2581B50042692E /* Project object */ = {
			isa = PBXProject;
			attributes = {
				BuildIndependentTargetsInParallel = 1;
				LastSwiftUpdateCheck = 1430;
				LastUpgradeCheck = 1430;
				TargetAttributes = {
					97EFB6DB2B2581B50042692E = {
						CreatedOnToolsVersion = 14.3.1;
					};
					97EFB6F42B2581B70042692E = {
						CreatedOnToolsVersion = 14.3.1;
						TestTargetID = 97EFB6DB2B2581B50042692E;
					};
					97EFB6FE2B2581B70042692E = {
						CreatedOnToolsVersion = 14.3.1;
						TestTargetID = 97EFB6DB2B2581B50042692E;
					};
				};
			};
			buildConfigurationList = 97EFB6D72B2581B50042692E /* Build configuration list for PBXProject "NoteApp" */;
			compatibilityVersion = "Xcode 14.0";
			developmentRegion = en;
			hasScannedForEncodings = 0;
			knownRegions = (
				en,
				Base,
			);
			mainGroup = 97EFB6D32B2581B50042692E;
			packageReferences = (
				97EFB7122B2584C10042692E /* XCRemoteSwiftPackageReference "RxSwift" */,
				97EFB7192B25850E0042692E /* XCRemoteSwiftPackageReference "Swinject" */,
				97EFB71C2B2585570042692E /* XCRemoteSwiftPackageReference "Kingfisher" */,
			);
			productRefGroup = 97EFB6DD2B2581B50042692E /* Products */;
			projectDirPath = "";
			projectRoot = "";
			targets = (
				97EFB6DB2B2581B50042692E /* NoteApp */,
				97EFB6F42B2581B70042692E /* NoteAppTests */,
				97EFB6FE2B2581B70042692E /* NoteAppUITests */,
			);
		};
/* End PBXProject section */

/* Begin PBXResourcesBuildPhase section */
		97EFB6DA2B2581B50042692E /* Resources */ = {
			isa = PBXResourcesBuildPhase;
			buildActionMask = 2147483647;
			files = (
				97EFB6EF2B2581B60042692E /* LaunchScreen.storyboard in Resources */,
				97EFB6EC2B2581B60042692E /* Assets.xcassets in Resources */,
			);
			runOnlyForDeploymentPostprocessing = 0;
		};
		97EFB6F32B2581B70042692E /* Resources */ = {
			isa = PBXResourcesBuildPhase;
			buildActionMask = 2147483647;
			files = (
			);
			runOnlyForDeploymentPostprocessing = 0;
		};
		97EFB6FD2B2581B70042692E /* Resources */ = {
			isa = PBXResourcesBuildPhase;
			buildActionMask = 2147483647;
			files = (
			);
			runOnlyForDeploymentPostprocessing = 0;
		};
/* End PBXResourcesBuildPhase section */

/* Begin PBXSourcesBuildPhase section */
		97EFB6D82B2581B50042692E /* Sources */ = {
			isa = PBXSourcesBuildPhase;
			buildActionMask = 2147483647;
			files = (
				97EFB7472B2600030042692E /* CoreDataHelperProtocol.swift in Sources */,
				97EFB73D2B258EDE0042692E /* NoteRepositoryProtocol.swift in Sources */,
				97EFB72F2B2589A50042692E /* NoteModel.swift in Sources */,
				97EFB7362B258B790042692E /* CreateNoteUseCaseProtocol.swift in Sources */,
				97EFB7412B2590FC0042692E /* NoteRepository.swift in Sources */,
				97EFB6E42B2581B50042692E /* ViewController.swift in Sources */,
				97EFB74C2B2603530042692E /* NotesDataSourceProtocol.swift in Sources */,
				97EFB7382B258CC70042692E /* ListNoteUseCaseProtocol.swift in Sources */,
				97EFB6E02B2581B50042692E /* AppDelegate.swift in Sources */,
				97EFB74A2B2600FD0042692E /* CoreDataHelper.swift in Sources */,
				97EFB6E22B2581B50042692E /* SceneDelegate.swift in Sources */,
				97EFB7512B26093B0042692E /* CoreDataError.swift in Sources */,
				97EFB73F2B2590490042692E /* CreateNoteUseCase.swift in Sources */,
				97EFB73A2B258E420042692E /* DetailNoteUseCaseProtocol.swift in Sources */,
				97EFB6EA2B2581B50042692E /* NoteApp.xcdatamodeld in Sources */,
				97EFB74E2B2604780042692E /* NotesDataSource.swift in Sources */,
			);
			runOnlyForDeploymentPostprocessing = 0;
		};
		97EFB6F12B2581B70042692E /* Sources */ = {
			isa = PBXSourcesBuildPhase;
			buildActionMask = 2147483647;
			files = (
				97EFB6FA2B2581B70042692E /* NoteAppTests.swift in Sources */,
			);
			runOnlyForDeploymentPostprocessing = 0;
		};
		97EFB6FB2B2581B70042692E /* Sources */ = {
			isa = PBXSourcesBuildPhase;
			buildActionMask = 2147483647;
			files = (
				97EFB7062B2581B70042692E /* NoteAppUITestsLaunchTests.swift in Sources */,
				97EFB7042B2581B70042692E /* NoteAppUITests.swift in Sources */,
			);
			runOnlyForDeploymentPostprocessing = 0;
		};
/* End PBXSourcesBuildPhase section */

/* Begin PBXTargetDependency section */
		97EFB6F72B2581B70042692E /* PBXTargetDependency */ = {
			isa = PBXTargetDependency;
			target = 97EFB6DB2B2581B50042692E /* NoteApp */;
			targetProxy = 97EFB6F62B2581B70042692E /* PBXContainerItemProxy */;
		};
		97EFB7012B2581B70042692E /* PBXTargetDependency */ = {
			isa = PBXTargetDependency;
			target = 97EFB6DB2B2581B50042692E /* NoteApp */;
			targetProxy = 97EFB7002B2581B70042692E /* PBXContainerItemProxy */;
		};
/* End PBXTargetDependency section */

/* Begin PBXVariantGroup section */
		97EFB6ED2B2581B60042692E /* LaunchScreen.storyboard */ = {
			isa = PBXVariantGroup;
			children = (
				97EFB6EE2B2581B60042692E /* Base */,
			);
			name = LaunchScreen.storyboard;
			sourceTree = "<group>";
		};
/* End PBXVariantGroup section */

/* Begin XCBuildConfiguration section */
		97EFB7072B2581B70042692E /* Debug */ = {
			isa = XCBuildConfiguration;
			buildSettings = {
				ALWAYS_SEARCH_USER_PATHS = NO;
				CLANG_ANALYZER_NONNULL = YES;
				CLANG_ANALYZER_NUMBER_OBJECT_CONVERSION = YES_AGGRESSIVE;
				CLANG_CXX_LANGUAGE_STANDARD = "gnu++20";
				CLANG_ENABLE_MODULES = YES;
				CLANG_ENABLE_OBJC_ARC = YES;
				CLANG_ENABLE_OBJC_WEAK = YES;
				CLANG_WARN_BLOCK_CAPTURE_AUTORELEASING = YES;
				CLANG_WARN_BOOL_CONVERSION = YES;
				CLANG_WARN_COMMA = YES;
				CLANG_WARN_CONSTANT_CONVERSION = YES;
				CLANG_WARN_DEPRECATED_OBJC_IMPLEMENTATIONS = YES;
				CLANG_WARN_DIRECT_OBJC_ISA_USAGE = YES_ERROR;
				CLANG_WARN_DOCUMENTATION_COMMENTS = YES;
				CLANG_WARN_EMPTY_BODY = YES;
				CLANG_WARN_ENUM_CONVERSION = YES;
				CLANG_WARN_INFINITE_RECURSION = YES;
				CLANG_WARN_INT_CONVERSION = YES;
				CLANG_WARN_NON_LITERAL_NULL_CONVERSION = YES;
				CLANG_WARN_OBJC_IMPLICIT_RETAIN_SELF = YES;
				CLANG_WARN_OBJC_LITERAL_CONVERSION = YES;
				CLANG_WARN_OBJC_ROOT_CLASS = YES_ERROR;
				CLANG_WARN_QUOTED_INCLUDE_IN_FRAMEWORK_HEADER = YES;
				CLANG_WARN_RANGE_LOOP_ANALYSIS = YES;
				CLANG_WARN_STRICT_PROTOTYPES = YES;
				CLANG_WARN_SUSPICIOUS_MOVE = YES;
				CLANG_WARN_UNGUARDED_AVAILABILITY = YES_AGGRESSIVE;
				CLANG_WARN_UNREACHABLE_CODE = YES;
				CLANG_WARN__DUPLICATE_METHOD_MATCH = YES;
				COPY_PHASE_STRIP = NO;
				DEBUG_INFORMATION_FORMAT = dwarf;
				ENABLE_STRICT_OBJC_MSGSEND = YES;
				ENABLE_TESTABILITY = YES;
				GCC_C_LANGUAGE_STANDARD = gnu11;
				GCC_DYNAMIC_NO_PIC = NO;
				GCC_NO_COMMON_BLOCKS = YES;
				GCC_OPTIMIZATION_LEVEL = 0;
				GCC_PREPROCESSOR_DEFINITIONS = (
					"DEBUG=1",
					"$(inherited)",
				);
				GCC_WARN_64_TO_32_BIT_CONVERSION = YES;
				GCC_WARN_ABOUT_RETURN_TYPE = YES_ERROR;
				GCC_WARN_UNDECLARED_SELECTOR = YES;
				GCC_WARN_UNINITIALIZED_AUTOS = YES_AGGRESSIVE;
				GCC_WARN_UNUSED_FUNCTION = YES;
				GCC_WARN_UNUSED_VARIABLE = YES;
				IPHONEOS_DEPLOYMENT_TARGET = 16.4;
				MTL_ENABLE_DEBUG_INFO = INCLUDE_SOURCE;
				MTL_FAST_MATH = YES;
				ONLY_ACTIVE_ARCH = YES;
				SDKROOT = iphoneos;
				SWIFT_ACTIVE_COMPILATION_CONDITIONS = DEBUG;
				SWIFT_OPTIMIZATION_LEVEL = "-Onone";
			};
			name = Debug;
		};
		97EFB7082B2581B70042692E /* Release */ = {
			isa = XCBuildConfiguration;
			buildSettings = {
				ALWAYS_SEARCH_USER_PATHS = NO;
				CLANG_ANALYZER_NONNULL = YES;
				CLANG_ANALYZER_NUMBER_OBJECT_CONVERSION = YES_AGGRESSIVE;
				CLANG_CXX_LANGUAGE_STANDARD = "gnu++20";
				CLANG_ENABLE_MODULES = YES;
				CLANG_ENABLE_OBJC_ARC = YES;
				CLANG_ENABLE_OBJC_WEAK = YES;
				CLANG_WARN_BLOCK_CAPTURE_AUTORELEASING = YES;
				CLANG_WARN_BOOL_CONVERSION = YES;
				CLANG_WARN_COMMA = YES;
				CLANG_WARN_CONSTANT_CONVERSION = YES;
				CLANG_WARN_DEPRECATED_OBJC_IMPLEMENTATIONS = YES;
				CLANG_WARN_DIRECT_OBJC_ISA_USAGE = YES_ERROR;
				CLANG_WARN_DOCUMENTATION_COMMENTS = YES;
				CLANG_WARN_EMPTY_BODY = YES;
				CLANG_WARN_ENUM_CONVERSION = YES;
				CLANG_WARN_INFINITE_RECURSION = YES;
				CLANG_WARN_INT_CONVERSION = YES;
				CLANG_WARN_NON_LITERAL_NULL_CONVERSION = YES;
				CLANG_WARN_OBJC_IMPLICIT_RETAIN_SELF = YES;
				CLANG_WARN_OBJC_LITERAL_CONVERSION = YES;
				CLANG_WARN_OBJC_ROOT_CLASS = YES_ERROR;
				CLANG_WARN_QUOTED_INCLUDE_IN_FRAMEWORK_HEADER = YES;
				CLANG_WARN_RANGE_LOOP_ANALYSIS = YES;
				CLANG_WARN_STRICT_PROTOTYPES = YES;
				CLANG_WARN_SUSPICIOUS_MOVE = YES;
				CLANG_WARN_UNGUARDED_AVAILABILITY = YES_AGGRESSIVE;
				CLANG_WARN_UNREACHABLE_CODE = YES;
				CLANG_WARN__DUPLICATE_METHOD_MATCH = YES;
				COPY_PHASE_STRIP = NO;
				DEBUG_INFORMATION_FORMAT = "dwarf-with-dsym";
				ENABLE_NS_ASSERTIONS = NO;
				ENABLE_STRICT_OBJC_MSGSEND = YES;
				GCC_C_LANGUAGE_STANDARD = gnu11;
				GCC_NO_COMMON_BLOCKS = YES;
				GCC_WARN_64_TO_32_BIT_CONVERSION = YES;
				GCC_WARN_ABOUT_RETURN_TYPE = YES_ERROR;
				GCC_WARN_UNDECLARED_SELECTOR = YES;
				GCC_WARN_UNINITIALIZED_AUTOS = YES_AGGRESSIVE;
				GCC_WARN_UNUSED_FUNCTION = YES;
				GCC_WARN_UNUSED_VARIABLE = YES;
				IPHONEOS_DEPLOYMENT_TARGET = 16.4;
				MTL_ENABLE_DEBUG_INFO = NO;
				MTL_FAST_MATH = YES;
				SDKROOT = iphoneos;
				SWIFT_COMPILATION_MODE = wholemodule;
				SWIFT_OPTIMIZATION_LEVEL = "-O";
				VALIDATE_PRODUCT = YES;
			};
			name = Release;
		};
		97EFB70A2B2581B70042692E /* Debug */ = {
			isa = XCBuildConfiguration;
			buildSettings = {
				ASSETCATALOG_COMPILER_APPICON_NAME = AppIcon;
				ASSETCATALOG_COMPILER_GLOBAL_ACCENT_COLOR_NAME = AccentColor;
				CODE_SIGN_STYLE = Automatic;
				CURRENT_PROJECT_VERSION = 1;
				GENERATE_INFOPLIST_FILE = YES;
				INFOPLIST_FILE = NoteApp/Info.plist;
				INFOPLIST_KEY_UIApplicationSupportsIndirectInputEvents = YES;
				INFOPLIST_KEY_UILaunchStoryboardName = LaunchScreen;
				INFOPLIST_KEY_UISupportedInterfaceOrientations_iPad = "UIInterfaceOrientationPortrait UIInterfaceOrientationPortraitUpsideDown UIInterfaceOrientationLandscapeLeft UIInterfaceOrientationLandscapeRight";
				INFOPLIST_KEY_UISupportedInterfaceOrientations_iPhone = "UIInterfaceOrientationPortrait UIInterfaceOrientationLandscapeLeft UIInterfaceOrientationLandscapeRight";
				LD_RUNPATH_SEARCH_PATHS = (
					"$(inherited)",
					"@executable_path/Frameworks",
				);
				MARKETING_VERSION = 1.0;
				PRODUCT_BUNDLE_IDENTIFIER = aidenle.dev.NoteApp;
				PRODUCT_NAME = "$(TARGET_NAME)";
				SWIFT_EMIT_LOC_STRINGS = YES;
				SWIFT_VERSION = 5.0;
				TARGETED_DEVICE_FAMILY = "1,2";
			};
			name = Debug;
		};
		97EFB70B2B2581B70042692E /* Release */ = {
			isa = XCBuildConfiguration;
			buildSettings = {
				ASSETCATALOG_COMPILER_APPICON_NAME = AppIcon;
				ASSETCATALOG_COMPILER_GLOBAL_ACCENT_COLOR_NAME = AccentColor;
				CODE_SIGN_STYLE = Automatic;
				CURRENT_PROJECT_VERSION = 1;
				GENERATE_INFOPLIST_FILE = YES;
				INFOPLIST_FILE = NoteApp/Info.plist;
				INFOPLIST_KEY_UIApplicationSupportsIndirectInputEvents = YES;
				INFOPLIST_KEY_UILaunchStoryboardName = LaunchScreen;
				INFOPLIST_KEY_UISupportedInterfaceOrientations_iPad = "UIInterfaceOrientationPortrait UIInterfaceOrientationPortraitUpsideDown UIInterfaceOrientationLandscapeLeft UIInterfaceOrientationLandscapeRight";
				INFOPLIST_KEY_UISupportedInterfaceOrientations_iPhone = "UIInterfaceOrientationPortrait UIInterfaceOrientationLandscapeLeft UIInterfaceOrientationLandscapeRight";
				LD_RUNPATH_SEARCH_PATHS = (
					"$(inherited)",
					"@executable_path/Frameworks",
				);
				MARKETING_VERSION = 1.0;
				PRODUCT_BUNDLE_IDENTIFIER = aidenle.dev.NoteApp;
				PRODUCT_NAME = "$(TARGET_NAME)";
				SWIFT_EMIT_LOC_STRINGS = YES;
				SWIFT_VERSION = 5.0;
				TARGETED_DEVICE_FAMILY = "1,2";
			};
			name = Release;
		};
		97EFB70D2B2581B70042692E /* Debug */ = {
			isa = XCBuildConfiguration;
			buildSettings = {
				ALWAYS_EMBED_SWIFT_STANDARD_LIBRARIES = YES;
				BUNDLE_LOADER = "$(TEST_HOST)";
				CODE_SIGN_STYLE = Automatic;
				CURRENT_PROJECT_VERSION = 1;
				GENERATE_INFOPLIST_FILE = YES;
				IPHONEOS_DEPLOYMENT_TARGET = 16.4;
				MARKETING_VERSION = 1.0;
				PRODUCT_BUNDLE_IDENTIFIER = aidenle.dev.NoteAppTests;
				PRODUCT_NAME = "$(TARGET_NAME)";
				SWIFT_EMIT_LOC_STRINGS = NO;
				SWIFT_VERSION = 5.0;
				TARGETED_DEVICE_FAMILY = "1,2";
				TEST_HOST = "$(BUILT_PRODUCTS_DIR)/NoteApp.app/$(BUNDLE_EXECUTABLE_FOLDER_PATH)/NoteApp";
			};
			name = Debug;
		};
		97EFB70E2B2581B70042692E /* Release */ = {
			isa = XCBuildConfiguration;
			buildSettings = {
				ALWAYS_EMBED_SWIFT_STANDARD_LIBRARIES = YES;
				BUNDLE_LOADER = "$(TEST_HOST)";
				CODE_SIGN_STYLE = Automatic;
				CURRENT_PROJECT_VERSION = 1;
				GENERATE_INFOPLIST_FILE = YES;
				IPHONEOS_DEPLOYMENT_TARGET = 16.4;
				MARKETING_VERSION = 1.0;
				PRODUCT_BUNDLE_IDENTIFIER = aidenle.dev.NoteAppTests;
				PRODUCT_NAME = "$(TARGET_NAME)";
				SWIFT_EMIT_LOC_STRINGS = NO;
				SWIFT_VERSION = 5.0;
				TARGETED_DEVICE_FAMILY = "1,2";
				TEST_HOST = "$(BUILT_PRODUCTS_DIR)/NoteApp.app/$(BUNDLE_EXECUTABLE_FOLDER_PATH)/NoteApp";
			};
			name = Release;
		};
		97EFB7102B2581B70042692E /* Debug */ = {
			isa = XCBuildConfiguration;
			buildSettings = {
				ALWAYS_EMBED_SWIFT_STANDARD_LIBRARIES = YES;
				CODE_SIGN_STYLE = Automatic;
				CURRENT_PROJECT_VERSION = 1;
				GENERATE_INFOPLIST_FILE = YES;
				MARKETING_VERSION = 1.0;
				PRODUCT_BUNDLE_IDENTIFIER = aidenle.dev.NoteAppUITests;
				PRODUCT_NAME = "$(TARGET_NAME)";
				SWIFT_EMIT_LOC_STRINGS = NO;
				SWIFT_VERSION = 5.0;
				TARGETED_DEVICE_FAMILY = "1,2";
				TEST_TARGET_NAME = NoteApp;
			};
			name = Debug;
		};
		97EFB7112B2581B70042692E /* Release */ = {
			isa = XCBuildConfiguration;
			buildSettings = {
				ALWAYS_EMBED_SWIFT_STANDARD_LIBRARIES = YES;
				CODE_SIGN_STYLE = Automatic;
				CURRENT_PROJECT_VERSION = 1;
				GENERATE_INFOPLIST_FILE = YES;
				MARKETING_VERSION = 1.0;
				PRODUCT_BUNDLE_IDENTIFIER = aidenle.dev.NoteAppUITests;
				PRODUCT_NAME = "$(TARGET_NAME)";
				SWIFT_EMIT_LOC_STRINGS = NO;
				SWIFT_VERSION = 5.0;
				TARGETED_DEVICE_FAMILY = "1,2";
				TEST_TARGET_NAME = NoteApp;
			};
			name = Release;
		};
/* End XCBuildConfiguration section */

/* Begin XCConfigurationList section */
		97EFB6D72B2581B50042692E /* Build configuration list for PBXProject "NoteApp" */ = {
			isa = XCConfigurationList;
			buildConfigurations = (
				97EFB7072B2581B70042692E /* Debug */,
				97EFB7082B2581B70042692E /* Release */,
			);
			defaultConfigurationIsVisible = 0;
			defaultConfigurationName = Release;
		};
		97EFB7092B2581B70042692E /* Build configuration list for PBXNativeTarget "NoteApp" */ = {
			isa = XCConfigurationList;
			buildConfigurations = (
				97EFB70A2B2581B70042692E /* Debug */,
				97EFB70B2B2581B70042692E /* Release */,
			);
			defaultConfigurationIsVisible = 0;
			defaultConfigurationName = Release;
		};
		97EFB70C2B2581B70042692E /* Build configuration list for PBXNativeTarget "NoteAppTests" */ = {
			isa = XCConfigurationList;
			buildConfigurations = (
				97EFB70D2B2581B70042692E /* Debug */,
				97EFB70E2B2581B70042692E /* Release */,
			);
			defaultConfigurationIsVisible = 0;
			defaultConfigurationName = Release;
		};
		97EFB70F2B2581B70042692E /* Build configuration list for PBXNativeTarget "NoteAppUITests" */ = {
			isa = XCConfigurationList;
			buildConfigurations = (
				97EFB7102B2581B70042692E /* Debug */,
				97EFB7112B2581B70042692E /* Release */,
			);
			defaultConfigurationIsVisible = 0;
			defaultConfigurationName = Release;
		};
/* End XCConfigurationList section */

/* Begin XCRemoteSwiftPackageReference section */
		97EFB7122B2584C10042692E /* XCRemoteSwiftPackageReference "RxSwift" */ = {
			isa = XCRemoteSwiftPackageReference;
			repositoryURL = "https://github.com/ReactiveX/RxSwift.git";
			requirement = {
				kind = upToNextMajorVersion;
				minimumVersion = 6.0.0;
			};
		};
		97EFB7192B25850E0042692E /* XCRemoteSwiftPackageReference "Swinject" */ = {
			isa = XCRemoteSwiftPackageReference;
			repositoryURL = "https://github.com/Swinject/Swinject.git";
			requirement = {
				kind = upToNextMajorVersion;
				minimumVersion = 2.0.0;
			};
		};
		97EFB71C2B2585570042692E /* XCRemoteSwiftPackageReference "Kingfisher" */ = {
			isa = XCRemoteSwiftPackageReference;
			repositoryURL = "https://github.com/onevcat/Kingfisher.git";
			requirement = {
				kind = upToNextMajorVersion;
				minimumVersion = 7.0.0;
			};
		};
/* End XCRemoteSwiftPackageReference section */

/* Begin XCSwiftPackageProductDependency section */
		97EFB7132B2584C10042692E /* RxCocoa */ = {
			isa = XCSwiftPackageProductDependency;
			package = 97EFB7122B2584C10042692E /* XCRemoteSwiftPackageReference "RxSwift" */;
			productName = RxCocoa;
		};
		97EFB7152B2584C10042692E /* RxRelay */ = {
			isa = XCSwiftPackageProductDependency;
			package = 97EFB7122B2584C10042692E /* XCRemoteSwiftPackageReference "RxSwift" */;
			productName = RxRelay;
		};
		97EFB7172B2584C10042692E /* RxSwift */ = {
			isa = XCSwiftPackageProductDependency;
			package = 97EFB7122B2584C10042692E /* XCRemoteSwiftPackageReference "RxSwift" */;
			productName = RxSwift;
		};
		97EFB71A2B25850E0042692E /* Swinject */ = {
			isa = XCSwiftPackageProductDependency;
			package = 97EFB7192B25850E0042692E /* XCRemoteSwiftPackageReference "Swinject" */;
			productName = Swinject;
		};
		97EFB71D2B2585570042692E /* Kingfisher */ = {
			isa = XCSwiftPackageProductDependency;
			package = 97EFB71C2B2585570042692E /* XCRemoteSwiftPackageReference "Kingfisher" */;
			productName = Kingfisher;
		};
/* End XCSwiftPackageProductDependency section */

/* Begin XCVersionGroup section */
		97EFB6E82B2581B50042692E /* NoteApp.xcdatamodeld */ = {
			isa = XCVersionGroup;
			children = (
				97EFB6E92B2581B50042692E /* NoteApp.xcdatamodel */,
			);
			currentVersion = 97EFB6E92B2581B50042692E /* NoteApp.xcdatamodel */;
			path = NoteApp.xcdatamodeld;
			sourceTree = "<group>";
			versionGroupType = wrapper.xcdatamodel;
		};
/* End XCVersionGroup section */
	};
	rootObject = 97EFB6D42B2581B50042692E /* Project object */;
}
